{
  "name": "SistemaBancario",
  "lockfileVersion": 3,
  "requires": true,
  "packages": {
    "": {
      "dependencies": {
        "add-skill": "^2.0.0",
        "caveman-skill": "^1.0.0"
      }
    },
    "node_modules/add-skill": {
      "version": "2.0.0",
      "resolved": "https://registry.npmjs.org/add-skill/-/add-skill-2.0.0.tgz",
      "integrity": "sha512-UsUI+6G+FHr7U4kAhBzh62K3xMwZr/UhbyLOp+pSAwOfEdgHP8Ng1cT24l6vUpmadt7epzxr8JAnVbbupltWhQ==",
      "deprecated": "This package has been renamed to 'skills'. Use 'npx skills add' instead.",
      "license": "MIT",
      "bin": {
        "add-skill": "cli.js"
      },
      "engines": {
        "node": ">=18"
      }
    },
    "node_modules/caveman-skill": {
      "version": "1.0.0",
      "resolved": "https://registry.npmjs.org/caveman-skill/-/caveman-skill-1.0.0.tgz",
      "integrity": "sha512-odHe0V/JS/xJNki0E1zWbW+Btqu2lK1BOyzZn51FbLH8JDMw9D9HQ5gHDjEzLREEu0G41qDjL/JwHP1+eKz2AQ==",
      "hasInstallScript": true,
      "license": "MIT",
      "bin": {
        "caveman-skill": "cli/index.js"
      }
    }
  }
}
